
Microsoft Visual Studio Solution File, Format Version 12.00
# Visual Studio Version 17
VisualStudioVersion = 17.1.32210.238
MinimumVisualStudioVersion = 10.0.40219.1
Project("{9A19103F-16F7-4668-BE54-9A1E7A4F7556}") = "ZirconNet.Core", "src\ZirconNet.Core\ZirconNet.Core.csproj", "{951F3CF4-13B0-4D1B-AB4C-333B928B382E}"
EndProject
Project("{9A19103F-16F7-4668-BE54-9A1E7A4F7556}") = "ZirconNet.WPF", "src\ZirconNet.WPF\ZirconNet.WPF.csproj", "{E0373927-D65A-4DD1-882A-B39E6A759F5B}"
EndProject
Project("{2150E333-8FDC-42A3-9474-1A3956D46DE8}") = "Solution Items", "Solution Items", "{7CF4E855-B8C1-4976-9C56-CA19915B007A}"
	ProjectSection(SolutionItems) = preProject
		.editorconfig = .editorconfig
		azure\build.yml = azure\build.yml
		azure\deploy.yml = azure\deploy.yml
	EndProjectSection
EndProject
Project("{9A19103F-16F7-4668-BE54-9A1E7A4F7556}") = "ZirconNet.Console", "src\ZirconNet.Console\ZirconNet.Console.csproj", "{B4263499-9A0D-40D5-B38D-EFAD661A72B9}"
EndProject
Project("{9A19103F-16F7-4668-BE54-9A1E7A4F7556}") = "ZirconNet.Microsoft.DependencyInjection", "src\ZirconNet.Microsoft.DependencyInjection\ZirconNet.Microsoft.DependencyInjection.csproj", "{60BD3E3D-6311-4DE2-81B3-FAC2BEE2C0E8}"
EndProject
Project("{FAE04EC0-301F-11D3-BF4B-00C04F79EFBC}") = "Test", "Test\Test.csproj", "{803712D0-E7F5-41D7-A036-FBE064290722}"
EndProject
Global
	GlobalSection(SolutionConfigurationPlatforms) = preSolution
		Debug|Any CPU = Debug|Any CPU
		Release|Any CPU = Release|Any CPU
	EndGlobalSection
	GlobalSection(ProjectConfigurationPlatforms) = postSolution
		{951F3CF4-13B0-4D1B-AB4C-333B928B382E}.Debug|Any CPU.ActiveCfg = Debug|Any CPU
		{951F3CF4-13B0-4D1B-AB4C-333B928B382E}.Debug|Any CPU.Build.0 = Debug|Any CPU
		{951F3CF4-13B0-4D1B-AB4C-333B928B382E}.Release|Any CPU.ActiveCfg = Release|Any CPU
		{951F3CF4-13B0-4D1B-AB4C-333B928B382E}.Release|Any CPU.Build.0 = Release|Any CPU
		{E0373927-D65A-4DD1-882A-B39E6A759F5B}.Debug|Any CPU.ActiveCfg = Debug|Any CPU
		{E0373927-D65A-4DD1-882A-B39E6A759F5B}.Debug|Any CPU.Build.0 = Debug|Any CPU
		{E0373927-D65A-4DD1-882A-B39E6A759F5B}.Release|Any CPU.ActiveCfg = Release|Any CPU
		{E0373927-D65A-4DD1-882A-B39E6A759F5B}.Release|Any CPU.Build.0 = Release|Any CPU
		{B4263499-9A0D-40D5-B38D-EFAD661A72B9}.Debug|Any CPU.ActiveCfg = Debug|Any CPU
		{B4263499-9A0D-40D5-B38D-EFAD661A72B9}.Debug|Any CPU.Build.0 = Debug|Any CPU
		{B4263499-9A0D-40D5-B38D-EFAD661A72B9}.Release|Any CPU.ActiveCfg = Release|Any CPU
		{B4263499-9A0D-40D5-B38D-EFAD661A72B9}.Release|Any CPU.Build.0 = Release|Any CPU
		{60BD3E3D-6311-4DE2-81B3-FAC2BEE2C0E8}.Debug|Any CPU.ActiveCfg = Debug|Any CPU
		{60BD3E3D-6311-4DE2-81B3-FAC2BEE2C0E8}.Debug|Any CPU.Build.0 = Debug|Any CPU
		{60BD3E3D-6311-4DE2-81B3-FAC2BEE2C0E8}.Release|Any CPU.ActiveCfg = Release|Any CPU
		{60BD3E3D-6311-4DE2-81B3-FAC2BEE2C0E8}.Release|Any CPU.Build.0 = Release|Any CPU
		{803712D0-E7F5-41D7-A036-FBE064290722}.Debug|Any CPU.ActiveCfg = Debug|Any CPU
		{803712D0-E7F5-41D7-A036-FBE064290722}.Debug|Any CPU.Build.0 = Debug|Any CPU
		{803712D0-E7F5-41D7-A036-FBE064290722}.Release|Any CPU.ActiveCfg = Release|Any CPU
		{803712D0-E7F5-41D7-A036-FBE064290722}.Release|Any CPU.Build.0 = Release|Any CPU
	EndGlobalSection
	GlobalSection(SolutionProperties) = preSolution
		HideSolutionNode = FALSE
	EndGlobalSection
	GlobalSection(ExtensibilityGlobals) = postSolution
		SolutionGuid = {2046EDA8-F39E-4607-A81E-7F4820367737}
	EndGlobalSection
EndGlobal
